// !$*UTF8*$!
{
	archiveVersion = 1;
	classes = {
	};
	objectVersion = 55;
	objects = {

/* Begin PBXBuildFile section */
		3893508628B7CC3F00B18C8B /* AppDelegate.swift in Sources */ = {isa = PBXBuildFile; fileRef = 3893508528B7CC3F00B18C8B /* AppDelegate.swift */; };
		3893508828B7CC3F00B18C8B /* SceneDelegate.swift in Sources */ = {isa = PBXBuildFile; fileRef = 3893508728B7CC3F00B18C8B /* SceneDelegate.swift */; };
		3893508D28B7CC3F00B18C8B /* Main.storyboard in Resources */ = {isa = PBXBuildFile; fileRef = 3893508B28B7CC3F00B18C8B /* Main.storyboard */; };
		3893508F28B7CC4000B18C8B /* Assets.xcassets in Resources */ = {isa = PBXBuildFile; fileRef = 3893508E28B7CC4000B18C8B /* Assets.xcassets */; };
		3893509228B7CC4000B18C8B /* LaunchScreen.storyboard in Resources */ = {isa = PBXBuildFile; fileRef = 3893509028B7CC4000B18C8B /* LaunchScreen.storyboard */; };
		3893509D28B7CC4000B18C8B /* ISSTrackerTests.swift in Sources */ = {isa = PBXBuildFile; fileRef = 3893509C28B7CC4000B18C8B /* ISSTrackerTests.swift */; };
		389350A728B7CC4000B18C8B /* ISSTrackerUITests.swift in Sources */ = {isa = PBXBuildFile; fileRef = 389350A628B7CC4000B18C8B /* ISSTrackerUITests.swift */; };
		389350A928B7CC4000B18C8B /* ISSTrackerUITestsLaunchTests.swift in Sources */ = {isa = PBXBuildFile; fileRef = 389350A828B7CC4000B18C8B /* ISSTrackerUITestsLaunchTests.swift */; };
		389350C228B7F5C100B18C8B /* ISSLocationService.m in Sources */ = {isa = PBXBuildFile; fileRef = 389350BE28B7F5C100B18C8B /* ISSLocationService.m */; };
		389350C328B7F5C100B18C8B /* ISSLocationService_Swift.swift in Sources */ = {isa = PBXBuildFile; fileRef = 389350C128B7F5C100B18C8B /* ISSLocationService_Swift.swift */; };
		389350C628B7F68F00B18C8B /* ViewController.swift in Sources */ = {isa = PBXBuildFile; fileRef = 389350C528B7F68F00B18C8B /* ViewController.swift */; };
		389350CA28B7F73900B18C8B /* ViewModel.swift in Sources */ = {isa = PBXBuildFile; fileRef = 389350C928B7F73900B18C8B /* ViewModel.swift */; };
		389350CC28B7F79900B18C8B /* Actions.swift in Sources */ = {isa = PBXBuildFile; fileRef = 389350CB28B7F79900B18C8B /* Actions.swift */; };
		389350CE28B7F7FB00B18C8B /* Feedback.swift in Sources */ = {isa = PBXBuildFile; fileRef = 389350CD28B7F7FB00B18C8B /* Feedback.swift */; };
/* End PBXBuildFile section */

/* Begin PBXContainerItemProxy section */
		3893509928B7CC4000B18C8B /* PBXContainerItemProxy */ = {
			isa = PBXContainerItemProxy;
			containerPortal = 3893507A28B7CC3F00B18C8B /* Project object */;
			proxyType = 1;
			remoteGlobalIDString = 3893508128B7CC3F00B18C8B;
			remoteInfo = ISSTracker;
		};
		389350A328B7CC4000B18C8B /* PBXContainerItemProxy */ = {
			isa = PBXContainerItemProxy;
			containerPortal = 3893507A28B7CC3F00B18C8B /* Project object */;
			proxyType = 1;
			remoteGlobalIDString = 3893508128B7CC3F00B18C8B;
			remoteInfo = ISSTracker;
		};
/* End PBXContainerItemProxy section */

/* Begin PBXFileReference section */
		3893508228B7CC3F00B18C8B /* ISSTracker.app */ = {isa = PBXFileReference; explicitFileType = wrapper.application; includeInIndex = 0; path = ISSTracker.app; sourceTree = BUILT_PRODUCTS_DIR; };
		3893508528B7CC3F00B18C8B /* AppDelegate.swift */ = {isa = PBXFileReference; lastKnownFileType = sourcecode.swift; path = AppDelegate.swift; sourceTree = "<group>"; };
		3893508728B7CC3F00B18C8B /* SceneDelegate.swift */ = {isa = PBXFileReference; lastKnownFileType = sourcecode.swift; path = SceneDelegate.swift; sourceTree = "<group>"; };
		3893508C28B7CC3F00B18C8B /* Base */ = {isa = PBXFileReference; lastKnownFileType = file.storyboard; name = Base; path = Base.lproj/Main.storyboard; sourceTree = "<group>"; };
		3893508E28B7CC4000B18C8B /* Assets.xcassets */ = {isa = PBXFileReference; lastKnownFileType = folder.assetcatalog; path = Assets.xcassets; sourceTree = "<group>"; };
		3893509128B7CC4000B18C8B /* Base */ = {isa = PBXFileReference; lastKnownFileType = file.storyboard; name = Base; path = Base.lproj/LaunchScreen.storyboard; sourceTree = "<group>"; };
		3893509328B7CC4000B18C8B /* Info.plist */ = {isa = PBXFileReference; lastKnownFileType = text.plist.xml; path = Info.plist; sourceTree = "<group>"; };
		3893509828B7CC4000B18C8B /* ISSTrackerTests.xctest */ = {isa = PBXFileReference; explicitFileType = wrapper.cfbundle; includeInIndex = 0; path = ISSTrackerTests.xctest; sourceTree = BUILT_PRODUCTS_DIR; };
		3893509C28B7CC4000B18C8B /* ISSTrackerTests.swift */ = {isa = PBXFileReference; lastKnownFileType = sourcecode.swift; path = ISSTrackerTests.swift; sourceTree = "<group>"; };
		389350A228B7CC4000B18C8B /* ISSTrackerUITests.xctest */ = {isa = PBXFileReference; explicitFileType = wrapper.cfbundle; includeInIndex = 0; path = ISSTrackerUITests.xctest; sourceTree = BUILT_PRODUCTS_DIR; };
		389350A628B7CC4000B18C8B /* ISSTrackerUITests.swift */ = {isa = PBXFileReference; lastKnownFileType = sourcecode.swift; path = ISSTrackerUITests.swift; sourceTree = "<group>"; };
		389350A828B7CC4000B18C8B /* ISSTrackerUITestsLaunchTests.swift */ = {isa = PBXFileReference; lastKnownFileType = sourcecode.swift; path = ISSTrackerUITestsLaunchTests.swift; sourceTree = "<group>"; };
		389350B728B7CCC700B18C8B /* ISSTracker-Bridging-Header.h */ = {isa = PBXFileReference; lastKnownFileType = sourcecode.c.h; path = "ISSTracker-Bridging-Header.h"; sourceTree = "<group>"; };
		389350BE28B7F5C100B18C8B /* ISSLocationService.m */ = {isa = PBXFileReference; fileEncoding = 4; lastKnownFileType = sourcecode.c.objc; path = ISSLocationService.m; sourceTree = "<group>"; };
		389350BF28B7F5C100B18C8B /* ISSLocationService.h */ = {isa = PBXFileReference; fileEncoding = 4; lastKnownFileType = sourcecode.c.h; path = ISSLocationService.h; sourceTree = "<group>"; };
		389350C128B7F5C100B18C8B /* ISSLocationService_Swift.swift */ = {isa = PBXFileReference; fileEncoding = 4; lastKnownFileType = sourcecode.swift; path = ISSLocationService_Swift.swift; sourceTree = "<group>"; };
		389350C528B7F68F00B18C8B /* ViewController.swift */ = {isa = PBXFileReference; fileEncoding = 4; lastKnownFileType = sourcecode.swift; path = ViewController.swift; sourceTree = "<group>"; };
		389350C928B7F73900B18C8B /* ViewModel.swift */ = {isa = PBXFileReference; lastKnownFileType = sourcecode.swift; path = ViewModel.swift; sourceTree = "<group>"; };
		389350CB28B7F79900B18C8B /* Actions.swift */ = {isa = PBXFileReference; lastKnownFileType = sourcecode.swift; path = Actions.swift; sourceTree = "<group>"; };
		389350CD28B7F7FB00B18C8B /* Feedback.swift */ = {isa = PBXFileReference; lastKnownFileType = sourcecode.swift; path = Feedback.swift; sourceTree = "<group>"; };
/* End PBXFileReference section */

/* Begin PBXFrameworksBuildPhase section */
		3893507F28B7CC3F00B18C8B /* Frameworks */ = {
			isa = PBXFrameworksBuildPhase;
			buildActionMask = 2147483647;
			files = (
			);
			runOnlyForDeploymentPostprocessing = 0;
		};
		3893509528B7CC4000B18C8B /* Frameworks */ = {
			isa = PBXFrameworksBuildPhase;
			buildActionMask = 2147483647;
			files = (
			);
			runOnlyForDeploymentPostprocessing = 0;
		};
		3893509F28B7CC4000B18C8B /* Frameworks */ = {
			isa = PBXFrameworksBuildPhase;
			buildActionMask = 2147483647;
			files = (
			);
			runOnlyForDeploymentPostprocessing = 0;
		};
/* End PBXFrameworksBuildPhase section */

/* Begin PBXGroup section */
		3893507928B7CC3F00B18C8B = {
			isa = PBXGroup;
			children = (
				3893508428B7CC3F00B18C8B /* ISSTracker */,
				3893509B28B7CC4000B18C8B /* ISSTrackerTests */,
				389350A528B7CC4000B18C8B /* ISSTrackerUITests */,
				3893508328B7CC3F00B18C8B /* Products */,
			);
			sourceTree = "<group>";
		};
		3893508328B7CC3F00B18C8B /* Products */ = {
			isa = PBXGroup;
			children = (
				3893508228B7CC3F00B18C8B /* ISSTracker.app */,
				3893509828B7CC4000B18C8B /* ISSTrackerTests.xctest */,
				389350A228B7CC4000B18C8B /* ISSTrackerUITests.xctest */,
			);
			name = Products;
			sourceTree = "<group>";
		};
		3893508428B7CC3F00B18C8B /* ISSTracker */ = {
			isa = PBXGroup;
			children = (
				389350B528B7CC9200B18C8B /* Services */,
				3893508528B7CC3F00B18C8B /* AppDelegate.swift */,
				3893508728B7CC3F00B18C8B /* SceneDelegate.swift */,
				389350C428B7F68F00B18C8B /* Scenes */,
				3893508B28B7CC3F00B18C8B /* Main.storyboard */,
				3893508E28B7CC4000B18C8B /* Assets.xcassets */,
				3893509028B7CC4000B18C8B /* LaunchScreen.storyboard */,
				3893509328B7CC4000B18C8B /* Info.plist */,
			);
			path = ISSTracker;
			sourceTree = "<group>";
		};
		3893509B28B7CC4000B18C8B /* ISSTrackerTests */ = {
			isa = PBXGroup;
			children = (
				3893509C28B7CC4000B18C8B /* ISSTrackerTests.swift */,
			);
			path = ISSTrackerTests;
			sourceTree = "<group>";
		};
		389350A528B7CC4000B18C8B /* ISSTrackerUITests */ = {
			isa = PBXGroup;
			children = (
				389350A628B7CC4000B18C8B /* ISSTrackerUITests.swift */,
				389350A828B7CC4000B18C8B /* ISSTrackerUITestsLaunchTests.swift */,
			);
			path = ISSTrackerUITests;
			sourceTree = "<group>";
		};
		389350B528B7CC9200B18C8B /* Services */ = {
			isa = PBXGroup;
			children = (
				389350C728B7F6D000B18C8B /* Location */,
				389350B628B7CC9200B18C8B /* APIClient */,
			);
			path = Services;
			sourceTree = "<group>";
		};
		389350B628B7CC9200B18C8B /* APIClient */ = {
			isa = PBXGroup;
			children = (
				389350BD28B7F5C100B18C8B /* ObjC */,
				389350C028B7F5C100B18C8B /* Swift */,
				389350B728B7CCC700B18C8B /* ISSTracker-Bridging-Header.h */,
			);
			path = APIClient;
			sourceTree = "<group>";
		};
		389350BD28B7F5C100B18C8B /* ObjC */ = {
			isa = PBXGroup;
			children = (
				389350BE28B7F5C100B18C8B /* ISSLocationService.m */,
				389350BF28B7F5C100B18C8B /* ISSLocationService.h */,
			);
			path = ObjC;
			sourceTree = "<group>";
		};
		389350C028B7F5C100B18C8B /* Swift */ = {
			isa = PBXGroup;
			children = (
				389350C128B7F5C100B18C8B /* ISSLocationService_Swift.swift */,
			);
			path = Swift;
			sourceTree = "<group>";
		};
		389350C428B7F68F00B18C8B /* Scenes */ = {
			isa = PBXGroup;
			children = (
				389350C528B7F68F00B18C8B /* ViewController.swift */,
				389350C928B7F73900B18C8B /* ViewModel.swift */,
				389350CB28B7F79900B18C8B /* Actions.swift */,
				389350CD28B7F7FB00B18C8B /* Feedback.swift */,
			);
			path = Scenes;
			sourceTree = "<group>";
		};
		389350C728B7F6D000B18C8B /* Location */ = {
			isa = PBXGroup;
			children = (
				389350C828B7F6D100B18C8B /* Authenticator */,
			);
			path = Location;
			sourceTree = "<group>";
		};
		389350C828B7F6D100B18C8B /* Authenticator */ = {
			isa = PBXGroup;
			children = (
			);
			path = Authenticator;
			sourceTree = "<group>";
		};
/* End PBXGroup section */

/* Begin PBXNativeTarget section */
		3893508128B7CC3F00B18C8B /* ISSTracker */ = {
			isa = PBXNativeTarget;
			buildConfigurationList = 389350AC28B7CC4000B18C8B /* Build configuration list for PBXNativeTarget "ISSTracker" */;
			buildPhases = (
				3893507E28B7CC3F00B18C8B /* Sources */,
				3893507F28B7CC3F00B18C8B /* Frameworks */,
				3893508028B7CC3F00B18C8B /* Resources */,
			);
			buildRules = (
			);
			dependencies = (
			);
			name = ISSTracker;
			productName = ISSTracker;
			productReference = 3893508228B7CC3F00B18C8B /* ISSTracker.app */;
			productType = "com.apple.product-type.application";
		};
		3893509728B7CC4000B18C8B /* ISSTrackerTests */ = {
			isa = PBXNativeTarget;
			buildConfigurationList = 389350AF28B7CC4000B18C8B /* Build configuration list for PBXNativeTarget "ISSTrackerTests" */;
			buildPhases = (
				3893509428B7CC4000B18C8B /* Sources */,
				3893509528B7CC4000B18C8B /* Frameworks */,
				3893509628B7CC4000B18C8B /* Resources */,
			);
			buildRules = (
			);
			dependencies = (
				3893509A28B7CC4000B18C8B /* PBXTargetDependency */,
			);
			name = ISSTrackerTests;
			productName = ISSTrackerTests;
			productReference = 3893509828B7CC4000B18C8B /* ISSTrackerTests.xctest */;
			productType = "com.apple.product-type.bundle.unit-test";
		};
		389350A128B7CC4000B18C8B /* ISSTrackerUITests */ = {
			isa = PBXNativeTarget;
			buildConfigurationList = 389350B228B7CC4000B18C8B /* Build configuration list for PBXNativeTarget "ISSTrackerUITests" */;
			buildPhases = (
				3893509E28B7CC4000B18C8B /* Sources */,
				3893509F28B7CC4000B18C8B /* Frameworks */,
				389350A028B7CC4000B18C8B /* Resources */,
			);
			buildRules = (
			);
			dependencies = (
				389350A428B7CC4000B18C8B /* PBXTargetDependency */,
			);
			name = ISSTrackerUITests;
			productName = ISSTrackerUITests;
			productReference = 389350A228B7CC4000B18C8B /* ISSTrackerUITests.xctest */;
			productType = "com.apple.product-type.bundle.ui-testing";
		};
/* End PBXNativeTarget section */

/* Begin PBXProject section */
		3893507A28B7CC3F00B18C8B /* Project object */ = {
			isa = PBXProject;
			attributes = {
				BuildIndependentTargetsInParallel = 1;
				LastSwiftUpdateCheck = 1340;
				LastUpgradeCheck = 1340;
				TargetAttributes = {
					3893508128B7CC3F00B18C8B = {
						CreatedOnToolsVersion = 13.4.1;
						LastSwiftMigration = 1340;
					};
					3893509728B7CC4000B18C8B = {
						CreatedOnToolsVersion = 13.4.1;
						TestTargetID = 3893508128B7CC3F00B18C8B;
					};
					389350A128B7CC4000B18C8B = {
						CreatedOnToolsVersion = 13.4.1;
						TestTargetID = 3893508128B7CC3F00B18C8B;
					};
				};
			};
			buildConfigurationList = 3893507D28B7CC3F00B18C8B /* Build configuration list for PBXProject "ISSTracker" */;
			compatibilityVersion = "Xcode 13.0";
			developmentRegion = en;
			hasScannedForEncodings = 0;
			knownRegions = (
				en,
				Base,
			);
			mainGroup = 3893507928B7CC3F00B18C8B;
			productRefGroup = 3893508328B7CC3F00B18C8B /* Products */;
			projectDirPath = "";
			projectRoot = "";
			targets = (
				3893508128B7CC3F00B18C8B /* ISSTracker */,
				3893509728B7CC4000B18C8B /* ISSTrackerTests */,
				389350A128B7CC4000B18C8B /* ISSTrackerUITests */,
			);
		};
/* End PBXProject section */

/* Begin PBXResourcesBuildPhase section */
		3893508028B7CC3F00B18C8B /* Resources */ = {
			isa = PBXResourcesBuildPhase;
			buildActionMask = 2147483647;
			files = (
				3893509228B7CC4000B18C8B /* LaunchScreen.storyboard in Resources */,
				3893508F28B7CC4000B18C8B /* Assets.xcassets in Resources */,
				3893508D28B7CC3F00B18C8B /* Main.storyboard in Resources */,
			);
			runOnlyForDeploymentPostprocessing = 0;
		};
		3893509628B7CC4000B18C8B /* Resources */ = {
			isa = PBXResourcesBuildPhase;
			buildActionMask = 2147483647;
			files = (
			);
			runOnlyForDeploymentPostprocessing = 0;
		};
		389350A028B7CC4000B18C8B /* Resources */ = {
			isa = PBXResourcesBuildPhase;
			buildActionMask = 2147483647;
			files = (
			);
			runOnlyForDeploymentPostprocessing = 0;
		};
/* End PBXResourcesBuildPhase section */

/* Begin PBXSourcesBuildPhase section */
		3893507E28B7CC3F00B18C8B /* Sources */ = {
			isa = PBXSourcesBuildPhase;
			buildActionMask = 2147483647;
			files = (
				389350C628B7F68F00B18C8B /* ViewController.swift in Sources */,
				3893508628B7CC3F00B18C8B /* AppDelegate.swift in Sources */,
				3893508828B7CC3F00B18C8B /* SceneDelegate.swift in Sources */,
				389350C228B7F5C100B18C8B /* ISSLocationService.m in Sources */,
				389350CA28B7F73900B18C8B /* ViewModel.swift in Sources */,
				389350C328B7F5C100B18C8B /* ISSLocationService_Swift.swift in Sources */,
				389350CE28B7F7FB00B18C8B /* Feedback.swift in Sources */,
				389350CC28B7F79900B18C8B /* Actions.swift in Sources */,
			);
			runOnlyForDeploymentPostprocessing = 0;
		};
		3893509428B7CC4000B18C8B /* Sources */ = {
			isa = PBXSourcesBuildPhase;
			buildActionMask = 2147483647;
			files = (
				3893509D28B7CC4000B18C8B /* ISSTrackerTests.swift in Sources */,
			);
			runOnlyForDeploymentPostprocessing = 0;
		};
		3893509E28B7CC4000B18C8B /* Sources */ = {
			isa = PBXSourcesBuildPhase;
			buildActionMask = 2147483647;
			files = (
				389350A728B7CC4000B18C8B /* ISSTrackerUITests.swift in Sources */,
				389350A928B7CC4000B18C8B /* ISSTrackerUITestsLaunchTests.swift in Sources */,
			);
			runOnlyForDeploymentPostprocessing = 0;
		};
/* End PBXSourcesBuildPhase section */

/* Begin PBXTargetDependency section */
		3893509A28B7CC4000B18C8B /* PBXTargetDependency */ = {
			isa = PBXTargetDependency;
			target = 3893508128B7CC3F00B18C8B /* ISSTracker */;
			targetProxy = 3893509928B7CC4000B18C8B /* PBXContainerItemProxy */;
		};
		389350A428B7CC4000B18C8B /* PBXTargetDependency */ = {
			isa = PBXTargetDependency;
			target = 3893508128B7CC3F00B18C8B /* ISSTracker */;
			targetProxy = 389350A328B7CC4000B18C8B /* PBXContainerItemProxy */;
		};
/* End PBXTargetDependency section */

/* Begin PBXVariantGroup section */
		3893508B28B7CC3F00B18C8B /* Main.storyboard */ = {
			isa = PBXVariantGroup;
			children = (
				3893508C28B7CC3F00B18C8B /* Base */,
			);
			name = Main.storyboard;
			sourceTree = "<group>";
		};
		3893509028B7CC4000B18C8B /* LaunchScreen.storyboard */ = {
			isa = PBXVariantGroup;
			children = (
				3893509128B7CC4000B18C8B /* Base */,
			);
			name = LaunchScreen.storyboard;
			sourceTree = "<group>";
		};
/* End PBXVariantGroup section */

/* Begin XCBuildConfiguration section */
		389350AA28B7CC4000B18C8B /* Debug */ = {
			isa = XCBuildConfiguration;
			buildSettings = {
				ALWAYS_SEARCH_USER_PATHS = NO;
				CLANG_ANALYZER_NONNULL = YES;
				CLANG_ANALYZER_NUMBER_OBJECT_CONVERSION = YES_AGGRESSIVE;
				CLANG_CXX_LANGUAGE_STANDARD = "gnu++17";
				CLANG_ENABLE_MODULES = YES;
				CLANG_ENABLE_OBJC_ARC = YES;
				CLANG_ENABLE_OBJC_WEAK = YES;
				CLANG_WARN_BLOCK_CAPTURE_AUTORELEASING = YES;
				CLANG_WARN_BOOL_CONVERSION = YES;
				CLANG_WARN_COMMA = YES;
				CLANG_WARN_CONSTANT_CONVERSION = YES;
				CLANG_WARN_DEPRECATED_OBJC_IMPLEMENTATIONS = YES;
				CLANG_WARN_DIRECT_OBJC_ISA_USAGE = YES_ERROR;
				CLANG_WARN_DOCUMENTATION_COMMENTS = YES;
				CLANG_WARN_EMPTY_BODY = YES;
				CLANG_WARN_ENUM_CONVERSION = YES;
				CLANG_WARN_INFINITE_RECURSION = YES;
				CLANG_WARN_INT_CONVERSION = YES;
				CLANG_WARN_NON_LITERAL_NULL_CONVERSION = YES;
				CLANG_WARN_OBJC_IMPLICIT_RETAIN_SELF = YES;
				CLANG_WARN_OBJC_LITERAL_CONVERSION = YES;
				CLANG_WARN_OBJC_ROOT_CLASS = YES_ERROR;
				CLANG_WARN_QUOTED_INCLUDE_IN_FRAMEWORK_HEADER = YES;
				CLANG_WARN_RANGE_LOOP_ANALYSIS = YES;
				CLANG_WARN_STRICT_PROTOTYPES = YES;
				CLANG_WARN_SUSPICIOUS_MOVE = YES;
				CLANG_WARN_UNGUARDED_AVAILABILITY = YES_AGGRESSIVE;
				CLANG_WARN_UNREACHABLE_CODE = YES;
				CLANG_WARN__DUPLICATE_METHOD_MATCH = YES;
				COPY_PHASE_STRIP = NO;
				DEBUG_INFORMATION_FORMAT = dwarf;
				ENABLE_STRICT_OBJC_MSGSEND = YES;
				ENABLE_TESTABILITY = YES;
				GCC_C_LANGUAGE_STANDARD = gnu11;
				GCC_DYNAMIC_NO_PIC = NO;
				GCC_NO_COMMON_BLOCKS = YES;
				GCC_OPTIMIZATION_LEVEL = 0;
				GCC_PREPROCESSOR_DEFINITIONS = (
					"DEBUG=1",
					"$(inherited)",
				);
				GCC_WARN_64_TO_32_BIT_CONVERSION = YES;
				GCC_WARN_ABOUT_RETURN_TYPE = YES_ERROR;
				GCC_WARN_UNDECLARED_SELECTOR = YES;
				GCC_WARN_UNINITIALIZED_AUTOS = YES_AGGRESSIVE;
				GCC_WARN_UNUSED_FUNCTION = YES;
				GCC_WARN_UNUSED_VARIABLE = YES;
				IPHONEOS_DEPLOYMENT_TARGET = 15.5;
				MTL_ENABLE_DEBUG_INFO = INCLUDE_SOURCE;
				MTL_FAST_MATH = YES;
				ONLY_ACTIVE_ARCH = YES;
				SDKROOT = iphoneos;
				SWIFT_ACTIVE_COMPILATION_CONDITIONS = DEBUG;
				SWIFT_OPTIMIZATION_LEVEL = "-Onone";
			};
			name = Debug;
		};
		389350AB28B7CC4000B18C8B /* Release */ = {
			isa = XCBuildConfiguration;
			buildSettings = {
				ALWAYS_SEARCH_USER_PATHS = NO;
				CLANG_ANALYZER_NONNULL = YES;
				CLANG_ANALYZER_NUMBER_OBJECT_CONVERSION = YES_AGGRESSIVE;
				CLANG_CXX_LANGUAGE_STANDARD = "gnu++17";
				CLANG_ENABLE_MODULES = YES;
				CLANG_ENABLE_OBJC_ARC = YES;
				CLANG_ENABLE_OBJC_WEAK = YES;
				CLANG_WARN_BLOCK_CAPTURE_AUTORELEASING = YES;
				CLANG_WARN_BOOL_CONVERSION = YES;
				CLANG_WARN_COMMA = YES;
				CLANG_WARN_CONSTANT_CONVERSION = YES;
				CLANG_WARN_DEPRECATED_OBJC_IMPLEMENTATIONS = YES;
				CLANG_WARN_DIRECT_OBJC_ISA_USAGE = YES_ERROR;
				CLANG_WARN_DOCUMENTATION_COMMENTS = YES;
				CLANG_WARN_EMPTY_BODY = YES;
				CLANG_WARN_ENUM_CONVERSION = YES;
				CLANG_WARN_INFINITE_RECURSION = YES;
				CLANG_WARN_INT_CONVERSION = YES;
				CLANG_WARN_NON_LITERAL_NULL_CONVERSION = YES;
				CLANG_WARN_OBJC_IMPLICIT_RETAIN_SELF = YES;
				CLANG_WARN_OBJC_LITERAL_CONVERSION = YES;
				CLANG_WARN_OBJC_ROOT_CLASS = YES_ERROR;
				CLANG_WARN_QUOTED_INCLUDE_IN_FRAMEWORK_HEADER = YES;
				CLANG_WARN_RANGE_LOOP_ANALYSIS = YES;
				CLANG_WARN_STRICT_PROTOTYPES = YES;
				CLANG_WARN_SUSPICIOUS_MOVE = YES;
				CLANG_WARN_UNGUARDED_AVAILABILITY = YES_AGGRESSIVE;
				CLANG_WARN_UNREACHABLE_CODE = YES;
				CLANG_WARN__DUPLICATE_METHOD_MATCH = YES;
				COPY_PHASE_STRIP = NO;
				DEBUG_INFORMATION_FORMAT = "dwarf-with-dsym";
				ENABLE_NS_ASSERTIONS = NO;
				ENABLE_STRICT_OBJC_MSGSEND = YES;
				GCC_C_LANGUAGE_STANDARD = gnu11;
				GCC_NO_COMMON_BLOCKS = YES;
				GCC_WARN_64_TO_32_BIT_CONVERSION = YES;
				GCC_WARN_ABOUT_RETURN_TYPE = YES_ERROR;
				GCC_WARN_UNDECLARED_SELECTOR = YES;
				GCC_WARN_UNINITIALIZED_AUTOS = YES_AGGRESSIVE;
				GCC_WARN_UNUSED_FUNCTION = YES;
				GCC_WARN_UNUSED_VARIABLE = YES;
				IPHONEOS_DEPLOYMENT_TARGET = 15.5;
				MTL_ENABLE_DEBUG_INFO = NO;
				MTL_FAST_MATH = YES;
				SDKROOT = iphoneos;
				SWIFT_COMPILATION_MODE = wholemodule;
				SWIFT_OPTIMIZATION_LEVEL = "-O";
				VALIDATE_PRODUCT = YES;
			};
			name = Release;
		};
		389350AD28B7CC4000B18C8B /* Debug */ = {
			isa = XCBuildConfiguration;
			buildSettings = {
				ASSETCATALOG_COMPILER_APPICON_NAME = AppIcon;
				ASSETCATALOG_COMPILER_GLOBAL_ACCENT_COLOR_NAME = AccentColor;
				CLANG_ENABLE_MODULES = YES;
				CODE_SIGN_STYLE = Automatic;
				CURRENT_PROJECT_VERSION = 1;
				DEFINES_MODULE = YES;
				GENERATE_INFOPLIST_FILE = YES;
				INFOPLIST_FILE = ISSTracker/Info.plist;
				INFOPLIST_KEY_UIApplicationSupportsIndirectInputEvents = YES;
				INFOPLIST_KEY_UILaunchStoryboardName = LaunchScreen;
				INFOPLIST_KEY_UIMainStoryboardFile = Main;
				INFOPLIST_KEY_UISupportedInterfaceOrientations_iPad = "UIInterfaceOrientationPortrait UIInterfaceOrientationPortraitUpsideDown UIInterfaceOrientationLandscapeLeft UIInterfaceOrientationLandscapeRight";
				INFOPLIST_KEY_UISupportedInterfaceOrientations_iPhone = "UIInterfaceOrientationPortrait UIInterfaceOrientationLandscapeLeft UIInterfaceOrientationLandscapeRight";
				LD_RUNPATH_SEARCH_PATHS = (
					"$(inherited)",
					"@executable_path/Frameworks",
				);
				MARKETING_VERSION = 1.0;
				PRODUCT_BUNDLE_IDENTIFIER = com.pkcs12.apple.ISSTracker;
				PRODUCT_NAME = "$(TARGET_NAME)";
				SWIFT_EMIT_LOC_STRINGS = YES;
				SWIFT_OBJC_BRIDGING_HEADER = "ISSTracker/Services/APIClient/ISSTracker-Bridging-Header.h";
				SWIFT_OPTIMIZATION_LEVEL = "-Onone";
				SWIFT_VERSION = 5.0;
				TARGETED_DEVICE_FAMILY = "1,2";
			};
			name = Debug;
		};
		389350AE28B7CC4000B18C8B /* Release */ = {
			isa = XCBuildConfiguration;
			buildSettings = {
				ASSETCATALOG_COMPILER_APPICON_NAME = AppIcon;
				ASSETCATALOG_COMPILER_GLOBAL_ACCENT_COLOR_NAME = AccentColor;
				CLANG_ENABLE_MODULES = YES;
				CODE_SIGN_STYLE = Automatic;
				CURRENT_PROJECT_VERSION = 1;
				DEFINES_MODULE = YES;
				GENERATE_INFOPLIST_FILE = YES;
				INFOPLIST_FILE = ISSTracker/Info.plist;
				INFOPLIST_KEY_UIApplicationSupportsIndirectInputEvents = YES;
				INFOPLIST_KEY_UILaunchStoryboardName = LaunchScreen;
				INFOPLIST_KEY_UIMainStoryboardFile = Main;
				INFOPLIST_KEY_UISupportedInterfaceOrientations_iPad = "UIInterfaceOrientationPortrait UIInterfaceOrientationPortraitUpsideDown UIInterfaceOrientationLandscapeLeft UIInterfaceOrientationLandscapeRight";
				INFOPLIST_KEY_UISupportedInterfaceOrientations_iPhone = "UIInterfaceOrientationPortrait UIInterfaceOrientationLandscapeLeft UIInterfaceOrientationLandscapeRight";
				LD_RUNPATH_SEARCH_PATHS = (
					"$(inherited)",
					"@executable_path/Frameworks",
				);
				MARKETING_VERSION = 1.0;
				PRODUCT_BUNDLE_IDENTIFIER = com.pkcs12.apple.ISSTracker;
				PRODUCT_NAME = "$(TARGET_NAME)";
				SWIFT_EMIT_LOC_STRINGS = YES;
				SWIFT_OBJC_BRIDGING_HEADER = "ISSTracker/Services/APIClient/ISSTracker-Bridging-Header.h";
				SWIFT_VERSION = 5.0;
				TARGETED_DEVICE_FAMILY = "1,2";
			};
			name = Release;
		};
		389350B028B7CC4000B18C8B /* Debug */ = {
			isa = XCBuildConfiguration;
			buildSettings = {
				ALWAYS_EMBED_SWIFT_STANDARD_LIBRARIES = YES;
				BUNDLE_LOADER = "$(TEST_HOST)";
				CODE_SIGN_STYLE = Automatic;
				CURRENT_PROJECT_VERSION = 1;
				GENERATE_INFOPLIST_FILE = YES;
				IPHONEOS_DEPLOYMENT_TARGET = 15.5;
				MARKETING_VERSION = 1.0;
				PRODUCT_BUNDLE_IDENTIFIER = com.pkcs12.apple.ISSTrackerTests;
				PRODUCT_NAME = "$(TARGET_NAME)";
				SWIFT_EMIT_LOC_STRINGS = NO;
				SWIFT_VERSION = 5.0;
				TARGETED_DEVICE_FAMILY = "1,2";
				TEST_HOST = "$(BUILT_PRODUCTS_DIR)/ISSTracker.app/ISSTracker";
			};
			name = Debug;
		};
		389350B128B7CC4000B18C8B /* Release */ = {
			isa = XCBuildConfiguration;
			buildSettings = {
				ALWAYS_EMBED_SWIFT_STANDARD_LIBRARIES = YES;
				BUNDLE_LOADER = "$(TEST_HOST)";
				CODE_SIGN_STYLE = Automatic;
				CURRENT_PROJECT_VERSION = 1;
				GENERATE_INFOPLIST_FILE = YES;
				IPHONEOS_DEPLOYMENT_TARGET = 15.5;
				MARKETING_VERSION = 1.0;
				PRODUCT_BUNDLE_IDENTIFIER = com.pkcs12.apple.ISSTrackerTests;
				PRODUCT_NAME = "$(TARGET_NAME)";
				SWIFT_EMIT_LOC_STRINGS = NO;
				SWIFT_VERSION = 5.0;
				TARGETED_DEVICE_FAMILY = "1,2";
				TEST_HOST = "$(BUILT_PRODUCTS_DIR)/ISSTracker.app/ISSTracker";
			};
			name = Release;
		};
		389350B328B7CC4000B18C8B /* Debug */ = {
			isa = XCBuildConfiguration;
			buildSettings = {
				ALWAYS_EMBED_SWIFT_STANDARD_LIBRARIES = YES;
				CODE_SIGN_STYLE = Automatic;
				CURRENT_PROJECT_VERSION = 1;
				GENERATE_INFOPLIST_FILE = YES;
				MARKETING_VERSION = 1.0;
				PRODUCT_BUNDLE_IDENTIFIER = com.pkcs12.apple.ISSTrackerUITests;
				PRODUCT_NAME = "$(TARGET_NAME)";
				SWIFT_EMIT_LOC_STRINGS = NO;
				SWIFT_VERSION = 5.0;
				TARGETED_DEVICE_FAMILY = "1,2";
				TEST_TARGET_NAME = ISSTracker;
			};
			name = Debug;
		};
		389350B428B7CC4000B18C8B /* Release */ = {
			isa = XCBuildConfiguration;
			buildSettings = {
				ALWAYS_EMBED_SWIFT_STANDARD_LIBRARIES = YES;
				CODE_SIGN_STYLE = Automatic;
				CURRENT_PROJECT_VERSION = 1;
				GENERATE_INFOPLIST_FILE = YES;
				MARKETING_VERSION = 1.0;
				PRODUCT_BUNDLE_IDENTIFIER = com.pkcs12.apple.ISSTrackerUITests;
				PRODUCT_NAME = "$(TARGET_NAME)";
				SWIFT_EMIT_LOC_STRINGS = NO;
				SWIFT_VERSION = 5.0;
				TARGETED_DEVICE_FAMILY = "1,2";
				TEST_TARGET_NAME = ISSTracker;
			};
			name = Release;
		};
/* End XCBuildConfiguration section */

/* Begin XCConfigurationList section */
		3893507D28B7CC3F00B18C8B /* Build configuration list for PBXProject "ISSTracker" */ = {
			isa = XCConfigurationList;
			buildConfigurations = (
				389350AA28B7CC4000B18C8B /* Debug */,
				389350AB28B7CC4000B18C8B /* Release */,
			);
			defaultConfigurationIsVisible = 0;
			defaultConfigurationName = Release;
		};
		389350AC28B7CC4000B18C8B /* Build configuration list for PBXNativeTarget "ISSTracker" */ = {
			isa = XCConfigurationList;
			buildConfigurations = (
				389350AD28B7CC4000B18C8B /* Debug */,
				389350AE28B7CC4000B18C8B /* Release */,
			);
			defaultConfigurationIsVisible = 0;
			defaultConfigurationName = Release;
		};
		389350AF28B7CC4000B18C8B /* Build configuration list for PBXNativeTarget "ISSTrackerTests" */ = {
			isa = XCConfigurationList;
			buildConfigurations = (
				389350B028B7CC4000B18C8B /* Debug */,
				389350B128B7CC4000B18C8B /* Release */,
			);
			defaultConfigurationIsVisible = 0;
			defaultConfigurationName = Release;
		};
		389350B228B7CC4000B18C8B /* Build configuration list for PBXNativeTarget "ISSTrackerUITests" */ = {
			isa = XCConfigurationList;
			buildConfigurations = (
				389350B328B7CC4000B18C8B /* Debug */,
				389350B428B7CC4000B18C8B /* Release */,
			);
			defaultConfigurationIsVisible = 0;
			defaultConfigurationName = Release;
		};
/* End XCConfigurationList section */
	};
	rootObject = 3893507A28B7CC3F00B18C8B /* Project object */;
}
